{
  "name": "babel-preset-react-native-syntax",
  "version": "0.1.0",
  "lockfileVersion": 1,
  "requires": true,
  "dependencies": {
    "babel-plugin-syntax-async-functions": {
      "version": "7.0.0-beta.0",
      "resolved": "https://registry.npmjs.org/babel-plugin-syntax-async-functions/-/babel-plugin-syntax-async-functions-7.0.0-beta.0.tgz",
      "integrity": "sha512-IKh5AA3LKrqluJVc3xVE0i4zD7OIW1Iyua4uZQ3PCwey5lv/pM668eYhIEQT3fj8SmdP3cXVquvKQ0IdMVgQxg=="
    },
    "babel-plugin-syntax-async-generators": {
      "version": "7.0.0-beta.3",
      "resolved": "https://registry.npmjs.org/babel-plugin-syntax-async-generators/-/babel-plugin-syntax-async-generators-7.0.0-beta.3.tgz",
      "integrity": "sha512-isPmqPGxMKOoXF+bzIlA+MjwhbLRhLrqc2mA/7HWFuu7fGtTWG9XGlFVd9aR7pTkGMh+cVcFsUCLhvEaojC9xA=="
    },
    "babel-plugin-syntax-class-properties": {
      "version": "7.0.0-beta.3",
      "resolved": "https://registry.npmjs.org/babel-plugin-syntax-class-properties/-/babel-plugin-syntax-class-properties-7.0.0-beta.3.tgz",
      "integrity": "sha512-0tNuKFPtKtElgd29PAiOHfA+IMALb6vD+tX8XsgDuaWWtgarqdJ3ia1EfFsG5RL7sUNYzKZM4UguMKzKLuvdQQ=="
    },
    "babel-plugin-syntax-exponentiation-operator": {
      "version": "7.0.0-beta.0",
      "resolved": "https://registry.npmjs.org/babel-plugin-syntax-exponentiation-operator/-/babel-plugin-syntax-exponentiation-operator-7.0.0-beta.0.tgz",
      "integrity": "sha512-qFH1aInJPJefgefIXekOtNkzyjlfC2TOIp+O27ya0jFhtuUAqfAmEgVTIjYSi0E5mCpT70IeCZ6J0Rz62F+uog=="
    },
    "babel-plugin-syntax-flow": {
      "version": "7.0.0-beta.3",
      "resolved": "https://registry.npmjs.org/babel-plugin-syntax-flow/-/babel-plugin-syntax-flow-7.0.0-beta.3.tgz",
      "integrity": "sha512-ICjURxIiOU54kzbdZJnmFlGN6HnZ6HFUzU/6wrrgfhnleIwwSfYUDs5c9ubg8ib5yFLiR3u2PkPXnntUT1Aadg=="
    },
    "babel-plugin-syntax-jsx": {
      "version": "7.0.0-beta.3",
      "resolved": "https://registry.npmjs.org/babel-plugin-syntax-jsx/-/babel-plugin-syntax-jsx-7.0.0-beta.3.tgz",
      "integrity": "sha512-MH/oJ4i6dm1nqirLIBOiy9T+5gXkouEtHYGot1539jcQTrjDEfX2hgj/cEO9C8LNMMwyr2S95/q6tgfmh4pzlA=="
    },
    "babel-plugin-syntax-object-rest-spread": {
      "version": "7.0.0-beta.3",
      "resolved": "https://registry.npmjs.org/babel-plugin-syntax-object-rest-spread/-/babel-plugin-syntax-object-rest-spread-7.0.0-beta.3.tgz",
      "integrity": "sha512-21/MnmUFduLr4JzxrKMm/MeF+Jjyi5UdZo38IqzrP0sLhmPbal5ZAUJ4HgWH4339SdjnYgENacbY5wfk/zxTGg=="
    },
    "babel-plugin-syntax-optional-chaining": {
      "version": "7.0.0-beta.3",
      "resolved": "https://registry.npmjs.org/babel-plugin-syntax-optional-chaining/-/babel-plugin-syntax-optional-chaining-7.0.0-beta.3.tgz",
      "integrity": "sha512-aYGg45Pdl+i9X7Jq6lpIJ6wkcb0B+Lc24nZnEqQNHLAmj/HjRLPhr3I9V8pUKVc/k+MB0qGAKuwwTJXOVvi48g=="
    },
    "babel-plugin-syntax-trailing-function-commas": {
      "version": "7.0.0-beta.0",
      "resolved": "https://registry.npmjs.org/babel-plugin-syntax-trailing-function-commas/-/babel-plugin-syntax-trailing-function-commas-7.0.0-beta.0.tgz",
      "integrity": "sha512-Xj9XuRuz3nTSbaTXWv3itLOcxyF4oPD8douBBmj7U9BBC6nEBYfyOJYQMf/8PJAFotC62UY5dFfIGEPr7WswzQ=="
    }
  }
}
