{
  "name": "@invertase/babel-preset-react-native-syntax",
  "version": "0.1.0",
  "lockfileVersion": 1,
  "requires": true,
  "dependencies": {
    "@babel/helper-plugin-utils": {
      "version": "7.0.0",
      "resolved": "https://registry.npmjs.org/@babel/helper-plugin-utils/-/helper-plugin-utils-7.0.0.tgz",
      "integrity": "sha512-CYAOUCARwExnEixLdB6sDm2dIJ/YgEAKDM1MOeMeZu9Ld/bDgVo8aiWrXwcY7OBh+1Ea2uUcVRcxKk0GJvW7QA=="
    },
    "@babel/plugin-syntax-async-generators": {
      "version": "7.0.0",
      "resolved": "https://registry.npmjs.org/@babel/plugin-syntax-async-generators/-/plugin-syntax-async-generators-7.0.0.tgz",
      "integrity": "sha512-im7ged00ddGKAjcZgewXmp1vxSZQQywuQXe2B1A7kajjZmDeY/ekMPmWr9zJgveSaQH0k7BcGrojQhcK06l0zA==",
      "requires": {
        "@babel/helper-plugin-utils": "7.0.0"
      }
    },
    "@babel/plugin-syntax-class-properties": {
      "version": "7.0.0",
      "resolved": "https://registry.npmjs.org/@babel/plugin-syntax-class-properties/-/plugin-syntax-class-properties-7.0.0.tgz",
      "integrity": "sha512-cR12g0Qzn4sgkjrbrzWy2GE7m9vMl/sFkqZ3gIpAQdrvPDnLM8180i+ANDFIXfjHo9aqp0ccJlQ0QNZcFUbf9w==",
      "requires": {
        "@babel/helper-plugin-utils": "7.0.0"
      }
    },
    "@babel/plugin-syntax-flow": {
      "version": "7.0.0",
      "resolved": "https://registry.npmjs.org/@babel/plugin-syntax-flow/-/plugin-syntax-flow-7.0.0.tgz",
      "integrity": "sha512-zGcuZWiWWDa5qTZ6iAnpG0fnX/GOu49pGR5PFvkQ9GmKNaSphXQnlNXh/LG20sqWtNrx/eB6krzfEzcwvUyeFA==",
      "requires": {
        "@babel/helper-plugin-utils": "7.0.0"
      }
    },
    "@babel/plugin-syntax-jsx": {
      "version": "7.0.0",
      "resolved": "https://registry.npmjs.org/@babel/plugin-syntax-jsx/-/plugin-syntax-jsx-7.0.0.tgz",
      "integrity": "sha512-PdmL2AoPsCLWxhIr3kG2+F9v4WH06Q3z+NoGVpQgnUNGcagXHq5sB3OXxkSahKq9TLdNMN/AJzFYSOo8UKDMHg==",
      "requires": {
        "@babel/helper-plugin-utils": "7.0.0"
      }
    },
    "@babel/plugin-syntax-nullish-coalescing-operator": {
      "version": "7.0.0",
      "resolved": "https://registry.npmjs.org/@babel/plugin-syntax-nullish-coalescing-operator/-/plugin-syntax-nullish-coalescing-operator-7.0.0.tgz",
      "integrity": "sha512-oAJmMsAvTSIk9y0sZdU2S/nY44PEUuHN7EzNDMgbuR4e/OwyfR9lSmoBJBZ2lslFZIqhksrTt4i+av7uKfNYDw==",
      "requires": {
        "@babel/helper-plugin-utils": "7.0.0"
      }
    },
    "@babel/plugin-syntax-object-rest-spread": {
      "version": "7.0.0",
      "resolved": "https://registry.npmjs.org/@babel/plugin-syntax-object-rest-spread/-/plugin-syntax-object-rest-spread-7.0.0.tgz",
      "integrity": "sha512-5A0n4p6bIiVe5OvQPxBnesezsgFJdHhSs3uFSvaPdMqtsovajLZ+G2vZyvNe10EzJBWWo3AcHGKhAFUxqwp2dw==",
      "requires": {
        "@babel/helper-plugin-utils": "7.0.0"
      }
    },
    "@babel/plugin-syntax-optional-catch-binding": {
      "version": "7.0.0",
      "resolved": "https://registry.npmjs.org/@babel/plugin-syntax-optional-catch-binding/-/plugin-syntax-optional-catch-binding-7.0.0.tgz",
      "integrity": "sha512-Wc+HVvwjcq5qBg1w5RG9o9RVzmCaAg/Vp0erHCKpAYV8La6I94o4GQAmFYNmkzoMO6gzoOSulpKeSSz6mPEoZw==",
      "requires": {
        "@babel/helper-plugin-utils": "7.0.0"
      }
    },
    "@babel/plugin-syntax-optional-chaining": {
      "version": "7.0.0",
      "resolved": "https://registry.npmjs.org/@babel/plugin-syntax-optional-chaining/-/plugin-syntax-optional-chaining-7.0.0.tgz",
      "integrity": "sha512-QXedQsZf8yua1nNrXSePT0TsGSQH9A1iK08m9dhCMdZeJaaxYcQfXdgHWVV6Cp7WE/afPVvSKIsAHK5wP+yxDA==",
      "requires": {
        "@babel/helper-plugin-utils": "7.0.0"
      }
    },
    "@babel/plugin-syntax-typescript": {
      "version": "7.0.0",
      "resolved": "https://registry.npmjs.org/@babel/plugin-syntax-typescript/-/plugin-syntax-typescript-7.0.0.tgz",
      "integrity": "sha512-5fxmdqiAQVQTIS+KSvYeZuTt91wKtBTYi6JlIkvbQ6hmO+9fZE81ezxmMiFMIsxE7CdRSgzn7nQ1BChcvK9OpA==",
      "requires": {
        "@babel/helper-plugin-utils": "7.0.0"
      }
    }
  }
}
